
Microsoft Visual Studio Solution File, Format Version 12.00
# Visual Studio 15
VisualStudioVersion = 15.0.28307.572
MinimumVisualStudioVersion = 10.0.40219.1
Project("{FAE04EC0-301F-11D3-BF4B-00C04F79EFBC}") = "Compute", "Compute\Compute.csproj", "{67FF1F65-32B6-43F1-AC89-50C549BAEDCC}"
EndProject
Project("{FAE04EC0-301F-11D3-BF4B-00C04F79EFBC}") = "Container", "Container\Container.csproj", "{4F51126A-46A3-4D91-B90A-4A1F3E19B454}"
EndProject
Project("{FAE04EC0-301F-11D3-BF4B-00C04F79EFBC}") = "Common", "Common\Common.csproj", "{32CD41D5-2F3E-41EC-BA18-ECAB3E2A430E}"
EndProject
Project("{FAE04EC0-301F-11D3-BF4B-00C04F79EFBC}") = "TestingDLL", "TestingDLL\TestingDLL.csproj", "{33CA264A-2ABD-4765-A610-CC1A80AED7B1}"
EndProject
Global
	GlobalSection(SolutionConfigurationPlatforms) = preSolution
		Debug|Any CPU = Debug|Any CPU
		Release|Any CPU = Release|Any CPU
	EndGlobalSection
	GlobalSection(ProjectConfigurationPlatforms) = postSolution
		{67FF1F65-32B6-43F1-AC89-50C549BAEDCC}.Debug|Any CPU.ActiveCfg = Debug|Any CPU
		{67FF1F65-32B6-43F1-AC89-50C549BAEDCC}.Debug|Any CPU.Build.0 = Debug|Any CPU
		{67FF1F65-32B6-43F1-AC89-50C549BAEDCC}.Release|Any CPU.ActiveCfg = Release|Any CPU
		{67FF1F65-32B6-43F1-AC89-50C549BAEDCC}.Release|Any CPU.Build.0 = Release|Any CPU
		{4F51126A-46A3-4D91-B90A-4A1F3E19B454}.Debug|Any CPU.ActiveCfg = Debug|Any CPU
		{4F51126A-46A3-4D91-B90A-4A1F3E19B454}.Debug|Any CPU.Build.0 = Debug|Any CPU
		{4F51126A-46A3-4D91-B90A-4A1F3E19B454}.Release|Any CPU.ActiveCfg = Release|Any CPU
		{4F51126A-46A3-4D91-B90A-4A1F3E19B454}.Release|Any CPU.Build.0 = Release|Any CPU
		{32CD41D5-2F3E-41EC-BA18-ECAB3E2A430E}.Debug|Any CPU.ActiveCfg = Debug|Any CPU
		{32CD41D5-2F3E-41EC-BA18-ECAB3E2A430E}.Debug|Any CPU.Build.0 = Debug|Any CPU
		{32CD41D5-2F3E-41EC-BA18-ECAB3E2A430E}.Release|Any CPU.ActiveCfg = Release|Any CPU
		{32CD41D5-2F3E-41EC-BA18-ECAB3E2A430E}.Release|Any CPU.Build.0 = Release|Any CPU
		{33CA264A-2ABD-4765-A610-CC1A80AED7B1}.Debug|Any CPU.ActiveCfg = Debug|Any CPU
		{33CA264A-2ABD-4765-A610-CC1A80AED7B1}.Debug|Any CPU.Build.0 = Debug|Any CPU
		{33CA264A-2ABD-4765-A610-CC1A80AED7B1}.Release|Any CPU.ActiveCfg = Release|Any CPU
		{33CA264A-2ABD-4765-A610-CC1A80AED7B1}.Release|Any CPU.Build.0 = Release|Any CPU
	EndGlobalSection
	GlobalSection(SolutionProperties) = preSolution
		HideSolutionNode = FALSE
	EndGlobalSection
	GlobalSection(ExtensibilityGlobals) = postSolution
		SolutionGuid = {4ABE0339-FA82-4C83-8204-B8BBFE02F1E7}
	EndGlobalSection
EndGlobal
